
Microsoft Visual Studio Solution File, Format Version 12.00
# Visual Studio 2013
VisualStudioVersion = 12.0.21005.1
MinimumVisualStudioVersion = 10.0.40219.1
Project("{8BC9CEB8-8B4A-11D0-8D11-00A0C91BC942}") = "Ex_1_3_8", "Section_1_3\Ex_1_3_8\Ex_1_3_8.vcxproj", "{ADAF9F33-F4F1-4D2A-97C5-E28BF491A194}"
EndProject
Project("{8BC9CEB8-8B4A-11D0-8D11-00A0C91BC942}") = "Ex_1_3_9", "Section_1_3\Ex_1_3_9\Ex_1_3_9.vcxproj", "{99A5BF3D-2F1B-480A-9C43-CBACA0FFA819}"
EndProject
Project("{8BC9CEB8-8B4A-11D0-8D11-00A0C91BC942}") = "Ex_1_3_1", "Section_1_3\Ex_1_3_1\Ex_1_3_1.vcxproj", "{387D9E5E-3FE2-43AD-BAA8-39532E4A4F16}"
EndProject
Project("{8BC9CEB8-8B4A-11D0-8D11-00A0C91BC942}") = "Ex_1_3_2", "Section_1_3\Ex_1_3_2\Ex_1_3_2.vcxproj", "{E52D896E-4FFA-4237-8D5F-F8D5C54C7F13}"
EndProject
Project("{8BC9CEB8-8B4A-11D0-8D11-00A0C91BC942}") = "Ex_1_3_3", "Section_1_3\Ex_1_3_3\Ex_1_3_3.vcxproj", "{7665C6C4-8D88-41FA-B339-03C4D86C3703}"
EndProject
Project("{8BC9CEB8-8B4A-11D0-8D11-00A0C91BC942}") = "Ex_1_3_4", "Section_1_3\Ex_1_3_4\Ex_1_3_4.vcxproj", "{D54AF861-98AC-488A-9EC7-748CDA73BFE6}"
EndProject
Project("{8BC9CEB8-8B4A-11D0-8D11-00A0C91BC942}") = "Ex_1_3_5", "Section_1_3\Ex_1_3_5\Ex_1_3_5.vcxproj", "{3F059472-DB5C-4047-ADD0-58B639F0616E}"
EndProject
Project("{8BC9CEB8-8B4A-11D0-8D11-00A0C91BC942}") = "Ex_1_3_7", "Section_1_3\Ex_1_3_7\Ex_1_3_7.vcxproj", "{31240186-9602-40BE-A578-902E1A4B785A}"
EndProject
Project("{8BC9CEB8-8B4A-11D0-8D11-00A0C91BC942}") = "Ex_1_4_1", "Section_1_4\Ex_1_4_1\Ex_1_4_1.vcxproj", "{9CE4A3B8-325B-4B7E-B705-B4079B84651F}"
EndProject
Project("{8BC9CEB8-8B4A-11D0-8D11-00A0C91BC942}") = "Ex_1_4_2", "Section_1_4\Ex_1_4_2\Ex_1_4_2.vcxproj", "{1F72C8FA-E866-4360-8B4F-27EDB41D433B}"
EndProject
Project("{8BC9CEB8-8B4A-11D0-8D11-00A0C91BC942}") = "Ex_1_4_3", "Section_1_4\Ex_1_4_3\Ex_1_4_3.vcxproj", "{D589F700-44B0-4098-8E9D-59A8C38013FF}"
EndProject
Project("{8BC9CEB8-8B4A-11D0-8D11-00A0C91BC942}") = "Ex_1_4_4", "Section_1_4\Ex_1_4_4\Ex_1_4_4.vcxproj", "{36A48A05-0186-461E-9502-C8248883C299}"
EndProject
Project("{8BC9CEB8-8B4A-11D0-8D11-00A0C91BC942}") = "Ex_1_4_5", "Section_1_4\Ex_1_4_5\Ex_1_4_5.vcxproj", "{0BEDC7F9-F193-48CD-B76D-97B63140F135}"
EndProject
Project("{8BC9CEB8-8B4A-11D0-8D11-00A0C91BC942}") = "Ex_1_4_6", "Section_1_4\Ex_1_4_6\Ex_1_4_6.vcxproj", "{8094A015-FE26-4C53-A59B-86ABD4649FAE}"
EndProject
Project("{8BC9CEB8-8B4A-11D0-8D11-00A0C91BC942}") = "Ex_1_4_7", "Section_1_4\Ex_1_4_7\Ex_1_4_7.vcxproj", "{AB8EB372-4425-474D-BDC4-D91E6BE17C77}"
EndProject
Project("{8BC9CEB8-8B4A-11D0-8D11-00A0C91BC942}") = "Ex_1_5_1", "Section_1_5\Ex_1_5_1\Ex_1_5_1.vcxproj", "{FC2B2C68-1DFD-43C3-9486-E8D90CF1A2A0}"
EndProject
Project("{8BC9CEB8-8B4A-11D0-8D11-00A0C91BC942}") = "Ex_1_5_2", "Section_1_5\Ex_1_5_2\Ex_1_5_2.vcxproj", "{477BCA33-04CF-457C-BF4A-501EC610917E}"
EndProject
Project("{8BC9CEB8-8B4A-11D0-8D11-00A0C91BC942}") = "Ex_1_5_4", "Section_1_5\Ex_1_5_4\Ex_1_5_4.vcxproj", "{DB8A40A1-B741-4A16-9B72-3DD38FD5C204}"
EndProject
Project("{8BC9CEB8-8B4A-11D0-8D11-00A0C91BC942}") = "Ex_1_5_3", "Section_1_5\Ex_1_5_3\Ex_1_5_3.vcxproj", "{F63A2D1A-CA05-4B1E-BDBA-C95BCC9422DA}"
EndProject
Project("{8BC9CEB8-8B4A-11D0-8D11-00A0C91BC942}") = "Ex_1_3_6", "Section_1_3\Ex_1_3_6\Ex_1_3_6.vcxproj", "{84946AF3-207E-456C-854C-70072AE45009}"
EndProject
Global
	GlobalSection(SolutionConfigurationPlatforms) = preSolution
		Debug|Win32 = Debug|Win32
		Release|Win32 = Release|Win32
	EndGlobalSection
	GlobalSection(ProjectConfigurationPlatforms) = postSolution
		{ADAF9F33-F4F1-4D2A-97C5-E28BF491A194}.Debug|Win32.ActiveCfg = Debug|Win32
		{ADAF9F33-F4F1-4D2A-97C5-E28BF491A194}.Debug|Win32.Build.0 = Debug|Win32
		{ADAF9F33-F4F1-4D2A-97C5-E28BF491A194}.Release|Win32.ActiveCfg = Release|Win32
		{ADAF9F33-F4F1-4D2A-97C5-E28BF491A194}.Release|Win32.Build.0 = Release|Win32
		{99A5BF3D-2F1B-480A-9C43-CBACA0FFA819}.Debug|Win32.ActiveCfg = Debug|Win32
		{99A5BF3D-2F1B-480A-9C43-CBACA0FFA819}.Debug|Win32.Build.0 = Debug|Win32
		{99A5BF3D-2F1B-480A-9C43-CBACA0FFA819}.Release|Win32.ActiveCfg = Release|Win32
		{99A5BF3D-2F1B-480A-9C43-CBACA0FFA819}.Release|Win32.Build.0 = Release|Win32
		{387D9E5E-3FE2-43AD-BAA8-39532E4A4F16}.Debug|Win32.ActiveCfg = Debug|Win32
		{387D9E5E-3FE2-43AD-BAA8-39532E4A4F16}.Debug|Win32.Build.0 = Debug|Win32
		{387D9E5E-3FE2-43AD-BAA8-39532E4A4F16}.Release|Win32.ActiveCfg = Release|Win32
		{387D9E5E-3FE2-43AD-BAA8-39532E4A4F16}.Release|Win32.Build.0 = Release|Win32
		{E52D896E-4FFA-4237-8D5F-F8D5C54C7F13}.Debug|Win32.ActiveCfg = Debug|Win32
		{E52D896E-4FFA-4237-8D5F-F8D5C54C7F13}.Debug|Win32.Build.0 = Debug|Win32
		{E52D896E-4FFA-4237-8D5F-F8D5C54C7F13}.Release|Win32.ActiveCfg = Release|Win32
		{E52D896E-4FFA-4237-8D5F-F8D5C54C7F13}.Release|Win32.Build.0 = Release|Win32
		{7665C6C4-8D88-41FA-B339-03C4D86C3703}.Debug|Win32.ActiveCfg = Debug|Win32
		{7665C6C4-8D88-41FA-B339-03C4D86C3703}.Debug|Win32.Build.0 = Debug|Win32
		{7665C6C4-8D88-41FA-B339-03C4D86C3703}.Release|Win32.ActiveCfg = Release|Win32
		{7665C6C4-8D88-41FA-B339-03C4D86C3703}.Release|Win32.Build.0 = Release|Win32
		{D54AF861-98AC-488A-9EC7-748CDA73BFE6}.Debug|Win32.ActiveCfg = Debug|Win32
		{D54AF861-98AC-488A-9EC7-748CDA73BFE6}.Debug|Win32.Build.0 = Debug|Win32
		{D54AF861-98AC-488A-9EC7-748CDA73BFE6}.Release|Win32.ActiveCfg = Release|Win32
		{D54AF861-98AC-488A-9EC7-748CDA73BFE6}.Release|Win32.Build.0 = Release|Win32
		{3F059472-DB5C-4047-ADD0-58B639F0616E}.Debug|Win32.ActiveCfg = Debug|Win32
		{3F059472-DB5C-4047-ADD0-58B639F0616E}.Debug|Win32.Build.0 = Debug|Win32
		{3F059472-DB5C-4047-ADD0-58B639F0616E}.Release|Win32.ActiveCfg = Release|Win32
		{3F059472-DB5C-4047-ADD0-58B639F0616E}.Release|Win32.Build.0 = Release|Win32
		{31240186-9602-40BE-A578-902E1A4B785A}.Debug|Win32.ActiveCfg = Debug|Win32
		{31240186-9602-40BE-A578-902E1A4B785A}.Debug|Win32.Build.0 = Debug|Win32
		{31240186-9602-40BE-A578-902E1A4B785A}.Release|Win32.ActiveCfg = Release|Win32
		{31240186-9602-40BE-A578-902E1A4B785A}.Release|Win32.Build.0 = Release|Win32
		{9CE4A3B8-325B-4B7E-B705-B4079B84651F}.Debug|Win32.ActiveCfg = Debug|Win32
		{9CE4A3B8-325B-4B7E-B705-B4079B84651F}.Debug|Win32.Build.0 = Debug|Win32
		{9CE4A3B8-325B-4B7E-B705-B4079B84651F}.Release|Win32.ActiveCfg = Release|Win32
		{9CE4A3B8-325B-4B7E-B705-B4079B84651F}.Release|Win32.Build.0 = Release|Win32
		{1F72C8FA-E866-4360-8B4F-27EDB41D433B}.Debug|Win32.ActiveCfg = Debug|Win32
		{1F72C8FA-E866-4360-8B4F-27EDB41D433B}.Debug|Win32.Build.0 = Debug|Win32
		{1F72C8FA-E866-4360-8B4F-27EDB41D433B}.Release|Win32.ActiveCfg = Release|Win32
		{1F72C8FA-E866-4360-8B4F-27EDB41D433B}.Release|Win32.Build.0 = Release|Win32
		{D589F700-44B0-4098-8E9D-59A8C38013FF}.Debug|Win32.ActiveCfg = Debug|Win32
		{D589F700-44B0-4098-8E9D-59A8C38013FF}.Debug|Win32.Build.0 = Debug|Win32
		{D589F700-44B0-4098-8E9D-59A8C38013FF}.Release|Win32.ActiveCfg = Release|Win32
		{D589F700-44B0-4098-8E9D-59A8C38013FF}.Release|Win32.Build.0 = Release|Win32
		{36A48A05-0186-461E-9502-C8248883C299}.Debug|Win32.ActiveCfg = Debug|Win32
		{36A48A05-0186-461E-9502-C8248883C299}.Debug|Win32.Build.0 = Debug|Win32
		{36A48A05-0186-461E-9502-C8248883C299}.Release|Win32.ActiveCfg = Release|Win32
		{36A48A05-0186-461E-9502-C8248883C299}.Release|Win32.Build.0 = Release|Win32
		{0BEDC7F9-F193-48CD-B76D-97B63140F135}.Debug|Win32.ActiveCfg = Debug|Win32
		{0BEDC7F9-F193-48CD-B76D-97B63140F135}.Debug|Win32.Build.0 = Debug|Win32
		{0BEDC7F9-F193-48CD-B76D-97B63140F135}.Release|Win32.ActiveCfg = Release|Win32
		{0BEDC7F9-F193-48CD-B76D-97B63140F135}.Release|Win32.Build.0 = Release|Win32
		{8094A015-FE26-4C53-A59B-86ABD4649FAE}.Debug|Win32.ActiveCfg = Debug|Win32
		{8094A015-FE26-4C53-A59B-86ABD4649FAE}.Debug|Win32.Build.0 = Debug|Win32
		{8094A015-FE26-4C53-A59B-86ABD4649FAE}.Release|Win32.ActiveCfg = Release|Win32
		{8094A015-FE26-4C53-A59B-86ABD4649FAE}.Release|Win32.Build.0 = Release|Win32
		{AB8EB372-4425-474D-BDC4-D91E6BE17C77}.Debug|Win32.ActiveCfg = Debug|Win32
		{AB8EB372-4425-474D-BDC4-D91E6BE17C77}.Debug|Win32.Build.0 = Debug|Win32
		{AB8EB372-4425-474D-BDC4-D91E6BE17C77}.Release|Win32.ActiveCfg = Release|Win32
		{AB8EB372-4425-474D-BDC4-D91E6BE17C77}.Release|Win32.Build.0 = Release|Win32
		{FC2B2C68-1DFD-43C3-9486-E8D90CF1A2A0}.Debug|Win32.ActiveCfg = Debug|Win32
		{FC2B2C68-1DFD-43C3-9486-E8D90CF1A2A0}.Debug|Win32.Build.0 = Debug|Win32
		{FC2B2C68-1DFD-43C3-9486-E8D90CF1A2A0}.Release|Win32.ActiveCfg = Release|Win32
		{FC2B2C68-1DFD-43C3-9486-E8D90CF1A2A0}.Release|Win32.Build.0 = Release|Win32
		{477BCA33-04CF-457C-BF4A-501EC610917E}.Debug|Win32.ActiveCfg = Debug|Win32
		{477BCA33-04CF-457C-BF4A-501EC610917E}.Debug|Win32.Build.0 = Debug|Win32
		{477BCA33-04CF-457C-BF4A-501EC610917E}.Release|Win32.ActiveCfg = Release|Win32
		{477BCA33-04CF-457C-BF4A-501EC610917E}.Release|Win32.Build.0 = Release|Win32
		{DB8A40A1-B741-4A16-9B72-3DD38FD5C204}.Debug|Win32.ActiveCfg = Debug|Win32
		{DB8A40A1-B741-4A16-9B72-3DD38FD5C204}.Debug|Win32.Build.0 = Debug|Win32
		{DB8A40A1-B741-4A16-9B72-3DD38FD5C204}.Release|Win32.ActiveCfg = Release|Win32
		{DB8A40A1-B741-4A16-9B72-3DD38FD5C204}.Release|Win32.Build.0 = Release|Win32
		{F63A2D1A-CA05-4B1E-BDBA-C95BCC9422DA}.Debug|Win32.ActiveCfg = Debug|Win32
		{F63A2D1A-CA05-4B1E-BDBA-C95BCC9422DA}.Debug|Win32.Build.0 = Debug|Win32
		{F63A2D1A-CA05-4B1E-BDBA-C95BCC9422DA}.Release|Win32.ActiveCfg = Release|Win32
		{F63A2D1A-CA05-4B1E-BDBA-C95BCC9422DA}.Release|Win32.Build.0 = Release|Win32
		{84946AF3-207E-456C-854C-70072AE45009}.Debug|Win32.ActiveCfg = Debug|Win32
		{84946AF3-207E-456C-854C-70072AE45009}.Debug|Win32.Build.0 = Debug|Win32
		{84946AF3-207E-456C-854C-70072AE45009}.Release|Win32.ActiveCfg = Release|Win32
		{84946AF3-207E-456C-854C-70072AE45009}.Release|Win32.Build.0 = Release|Win32
	EndGlobalSection
	GlobalSection(SolutionProperties) = preSolution
		HideSolutionNode = FALSE
	EndGlobalSection
EndGlobal
