
Microsoft Visual Studio Solution File, Format Version 12.00
# Visual Studio 2013
VisualStudioVersion = 12.0.30110.0
MinimumVisualStudioVersion = 10.0.40219.1
Project("{8BC9CEB8-8B4A-11D0-8D11-00A0C91BC942}") = "Ex_7_1", "Ex_7_1\Ex_7_1.vcxproj", "{B1B16D1D-BEB6-40C3-9271-6140DD79CAFD}"
EndProject
Project("{8BC9CEB8-8B4A-11D0-8D11-00A0C91BC942}") = "Ex_7_2", "Ex_7_2\Ex_7_2.vcxproj", "{08D0554D-1176-4790-8B89-75FBFB378F0C}"
EndProject
Project("{8BC9CEB8-8B4A-11D0-8D11-00A0C91BC942}") = "Ex_7_3", "Ex_7_3\Ex_7_3.vcxproj", "{2BED860E-B15E-4F6F-9C90-C689FA0719D2}"
EndProject
Global
	GlobalSection(SolutionConfigurationPlatforms) = preSolution
		Debug|Win32 = Debug|Win32
		Release|Win32 = Release|Win32
	EndGlobalSection
	GlobalSection(ProjectConfigurationPlatforms) = postSolution
		{B1B16D1D-BEB6-40C3-9271-6140DD79CAFD}.Debug|Win32.ActiveCfg = Debug|Win32
		{B1B16D1D-BEB6-40C3-9271-6140DD79CAFD}.Debug|Win32.Build.0 = Debug|Win32
		{B1B16D1D-BEB6-40C3-9271-6140DD79CAFD}.Release|Win32.ActiveCfg = Release|Win32
		{B1B16D1D-BEB6-40C3-9271-6140DD79CAFD}.Release|Win32.Build.0 = Release|Win32
		{08D0554D-1176-4790-8B89-75FBFB378F0C}.Debug|Win32.ActiveCfg = Debug|Win32
		{08D0554D-1176-4790-8B89-75FBFB378F0C}.Debug|Win32.Build.0 = Debug|Win32
		{08D0554D-1176-4790-8B89-75FBFB378F0C}.Release|Win32.ActiveCfg = Release|Win32
		{08D0554D-1176-4790-8B89-75FBFB378F0C}.Release|Win32.Build.0 = Release|Win32
		{2BED860E-B15E-4F6F-9C90-C689FA0719D2}.Debug|Win32.ActiveCfg = Debug|Win32
		{2BED860E-B15E-4F6F-9C90-C689FA0719D2}.Debug|Win32.Build.0 = Debug|Win32
		{2BED860E-B15E-4F6F-9C90-C689FA0719D2}.Release|Win32.ActiveCfg = Release|Win32
		{2BED860E-B15E-4F6F-9C90-C689FA0719D2}.Release|Win32.Build.0 = Release|Win32
	EndGlobalSection
	GlobalSection(SolutionProperties) = preSolution
		HideSolutionNode = FALSE
	EndGlobalSection
EndGlobal
